// !$*UTF8*$!
{
	archiveVersion = 1;
	classes = {
	};
	objectVersion = 46;
	objects = {

/* Begin PBXBuildFile section */
		DC4AD11B1ECEF4E700A722EE /* main.m in Sources */ = {isa = PBXBuildFile; fileRef = DC4AD11A1ECEF4E700A722EE /* main.m */; };
		DC4AD11E1ECEF4E700A722EE /* AppDelegate.m in Sources */ = {isa = PBXBuildFile; fileRef = DC4AD11D1ECEF4E700A722EE /* AppDelegate.m */; };
		DC4AD1271ECEF4E700A722EE /* GuruCrafterHomeWork.xcdatamodeld in Sources */ = {isa = PBXBuildFile; fileRef = DC4AD1251ECEF4E700A722EE /* GuruCrafterHomeWork.xcdatamodeld */; };
		DC4AD1291ECEF4E700A722EE /* Assets.xcassets in Resources */ = {isa = PBXBuildFile; fileRef = DC4AD1281ECEF4E700A722EE /* Assets.xcassets */; };
		DC4AD12C1ECEF4E700A722EE /* LaunchScreen.storyboard in Resources */ = {isa = PBXBuildFile; fileRef = DC4AD12A1ECEF4E700A722EE /* LaunchScreen.storyboard */; };
		DC4AD1351ECEF60500A722EE /* DataManager.m in Sources */ = {isa = PBXBuildFile; fileRef = DC4AD1341ECEF60500A722EE /* DataManager.m */; };
		DC4AD1381ECF05D800A722EE /* StudentsViewController.m in Sources */ = {isa = PBXBuildFile; fileRef = DC4AD1371ECF05D800A722EE /* StudentsViewController.m */; };
		DC4AD13A1ECF1AD600A722EE /* Main.storyboard in Resources */ = {isa = PBXBuildFile; fileRef = DC4AD1391ECF1AD600A722EE /* Main.storyboard */; };
		DC4AD13D1ECF1C7F00A722EE /* AddStudentViewController.m in Sources */ = {isa = PBXBuildFile; fileRef = DC4AD13C1ECF1C7F00A722EE /* AddStudentViewController.m */; };
		DC4AD1401ECF330600A722EE /* CoursesViewController.m in Sources */ = {isa = PBXBuildFile; fileRef = DC4AD13F1ECF330600A722EE /* CoursesViewController.m */; };
		DC4AD1431ECF331800A722EE /* AddCourseViewController.m in Sources */ = {isa = PBXBuildFile; fileRef = DC4AD1421ECF331800A722EE /* AddCourseViewController.m */; };
		DC4AD1461ECF35A700A722EE /* MainTableViewController.m in Sources */ = {isa = PBXBuildFile; fileRef = DC4AD1451ECF35A700A722EE /* MainTableViewController.m */; };
		DC4AD1491ECF3B7300A722EE /* AddCourseViewCell.m in Sources */ = {isa = PBXBuildFile; fileRef = DC4AD1481ECF3B7300A722EE /* AddCourseViewCell.m */; };
		DC4AD14C1ED03F8600A722EE /* PickCourseViewController.m in Sources */ = {isa = PBXBuildFile; fileRef = DC4AD14B1ED03F8600A722EE /* PickCourseViewController.m */; };
		DC4AD1521ED1F0D200A722EE /* PickStudentViewController.m in Sources */ = {isa = PBXBuildFile; fileRef = DC4AD1511ED1F0D200A722EE /* PickStudentViewController.m */; };
		DC4AD1551ED22B1D00A722EE /* AddStudentViewCell.m in Sources */ = {isa = PBXBuildFile; fileRef = DC4AD1541ED22B1D00A722EE /* AddStudentViewCell.m */; };
/* End PBXBuildFile section */

/* Begin PBXFileReference section */
		DC4AD1161ECEF4E700A722EE /* GuruCrafterHomeWork.app */ = {isa = PBXFileReference; explicitFileType = wrapper.application; includeInIndex = 0; path = GuruCrafterHomeWork.app; sourceTree = BUILT_PRODUCTS_DIR; };
		DC4AD11A1ECEF4E700A722EE /* main.m */ = {isa = PBXFileReference; lastKnownFileType = sourcecode.c.objc; path = main.m; sourceTree = "<group>"; };
		DC4AD11C1ECEF4E700A722EE /* AppDelegate.h */ = {isa = PBXFileReference; lastKnownFileType = sourcecode.c.h; path = AppDelegate.h; sourceTree = "<group>"; };
		DC4AD11D1ECEF4E700A722EE /* AppDelegate.m */ = {isa = PBXFileReference; lastKnownFileType = sourcecode.c.objc; path = AppDelegate.m; sourceTree = "<group>"; };
		DC4AD1261ECEF4E700A722EE /* GuruCrafterHomeWork.xcdatamodel */ = {isa = PBXFileReference; lastKnownFileType = wrapper.xcdatamodel; path = GuruCrafterHomeWork.xcdatamodel; sourceTree = "<group>"; };
		DC4AD1281ECEF4E700A722EE /* Assets.xcassets */ = {isa = PBXFileReference; lastKnownFileType = folder.assetcatalog; path = Assets.xcassets; sourceTree = "<group>"; };
		DC4AD12B1ECEF4E700A722EE /* Base */ = {isa = PBXFileReference; lastKnownFileType = file.storyboard; name = Base; path = Base.lproj/LaunchScreen.storyboard; sourceTree = "<group>"; };
		DC4AD12D1ECEF4E700A722EE /* Info.plist */ = {isa = PBXFileReference; lastKnownFileType = text.plist.xml; path = Info.plist; sourceTree = "<group>"; };
		DC4AD1331ECEF60500A722EE /* DataManager.h */ = {isa = PBXFileReference; fileEncoding = 4; lastKnownFileType = sourcecode.c.h; path = DataManager.h; sourceTree = "<group>"; };
		DC4AD1341ECEF60500A722EE /* DataManager.m */ = {isa = PBXFileReference; fileEncoding = 4; lastKnownFileType = sourcecode.c.objc; path = DataManager.m; sourceTree = "<group>"; };
		DC4AD1361ECF05D800A722EE /* StudentsViewController.h */ = {isa = PBXFileReference; fileEncoding = 4; lastKnownFileType = sourcecode.c.h; path = StudentsViewController.h; sourceTree = "<group>"; };
		DC4AD1371ECF05D800A722EE /* StudentsViewController.m */ = {isa = PBXFileReference; fileEncoding = 4; lastKnownFileType = sourcecode.c.objc; path = StudentsViewController.m; sourceTree = "<group>"; };
		DC4AD1391ECF1AD600A722EE /* Main.storyboard */ = {isa = PBXFileReference; fileEncoding = 4; lastKnownFileType = file.storyboard; path = Main.storyboard; sourceTree = "<group>"; };
		DC4AD13B1ECF1C7F00A722EE /* AddStudentViewController.h */ = {isa = PBXFileReference; fileEncoding = 4; lastKnownFileType = sourcecode.c.h; path = AddStudentViewController.h; sourceTree = "<group>"; };
		DC4AD13C1ECF1C7F00A722EE /* AddStudentViewController.m */ = {isa = PBXFileReference; fileEncoding = 4; lastKnownFileType = sourcecode.c.objc; path = AddStudentViewController.m; sourceTree = "<group>"; };
		DC4AD13E1ECF330600A722EE /* CoursesViewController.h */ = {isa = PBXFileReference; fileEncoding = 4; lastKnownFileType = sourcecode.c.h; path = CoursesViewController.h; sourceTree = "<group>"; };
		DC4AD13F1ECF330600A722EE /* CoursesViewController.m */ = {isa = PBXFileReference; fileEncoding = 4; lastKnownFileType = sourcecode.c.objc; path = CoursesViewController.m; sourceTree = "<group>"; };
		DC4AD1411ECF331800A722EE /* AddCourseViewController.h */ = {isa = PBXFileReference; fileEncoding = 4; lastKnownFileType = sourcecode.c.h; path = AddCourseViewController.h; sourceTree = "<group>"; };
		DC4AD1421ECF331800A722EE /* AddCourseViewController.m */ = {isa = PBXFileReference; fileEncoding = 4; lastKnownFileType = sourcecode.c.objc; path = AddCourseViewController.m; sourceTree = "<group>"; };
		DC4AD1441ECF35A700A722EE /* MainTableViewController.h */ = {isa = PBXFileReference; fileEncoding = 4; lastKnownFileType = sourcecode.c.h; path = MainTableViewController.h; sourceTree = "<group>"; };
		DC4AD1451ECF35A700A722EE /* MainTableViewController.m */ = {isa = PBXFileReference; fileEncoding = 4; lastKnownFileType = sourcecode.c.objc; path = MainTableViewController.m; sourceTree = "<group>"; };
		DC4AD1471ECF3B7300A722EE /* AddCourseViewCell.h */ = {isa = PBXFileReference; fileEncoding = 4; lastKnownFileType = sourcecode.c.h; path = AddCourseViewCell.h; sourceTree = "<group>"; };
		DC4AD1481ECF3B7300A722EE /* AddCourseViewCell.m */ = {isa = PBXFileReference; fileEncoding = 4; lastKnownFileType = sourcecode.c.objc; path = AddCourseViewCell.m; sourceTree = "<group>"; };
		DC4AD14A1ED03F8600A722EE /* PickCourseViewController.h */ = {isa = PBXFileReference; fileEncoding = 4; lastKnownFileType = sourcecode.c.h; path = PickCourseViewController.h; sourceTree = "<group>"; };
		DC4AD14B1ED03F8600A722EE /* PickCourseViewController.m */ = {isa = PBXFileReference; fileEncoding = 4; lastKnownFileType = sourcecode.c.objc; path = PickCourseViewController.m; sourceTree = "<group>"; };
		DC4AD1501ED1F0D200A722EE /* PickStudentViewController.h */ = {isa = PBXFileReference; fileEncoding = 4; lastKnownFileType = sourcecode.c.h; path = PickStudentViewController.h; sourceTree = "<group>"; };
		DC4AD1511ED1F0D200A722EE /* PickStudentViewController.m */ = {isa = PBXFileReference; fileEncoding = 4; lastKnownFileType = sourcecode.c.objc; path = PickStudentViewController.m; sourceTree = "<group>"; };
		DC4AD1531ED22B1D00A722EE /* AddStudentViewCell.h */ = {isa = PBXFileReference; fileEncoding = 4; lastKnownFileType = sourcecode.c.h; path = AddStudentViewCell.h; sourceTree = "<group>"; };
		DC4AD1541ED22B1D00A722EE /* AddStudentViewCell.m */ = {isa = PBXFileReference; fileEncoding = 4; lastKnownFileType = sourcecode.c.objc; path = AddStudentViewCell.m; sourceTree = "<group>"; };
/* End PBXFileReference section */

/* Begin PBXFrameworksBuildPhase section */
		DC4AD1131ECEF4E700A722EE /* Frameworks */ = {
			isa = PBXFrameworksBuildPhase;
			buildActionMask = 2147483647;
			files = (
			);
			runOnlyForDeploymentPostprocessing = 0;
		};
/* End PBXFrameworksBuildPhase section */

/* Begin PBXGroup section */
		DC4AD10D1ECEF4E700A722EE = {
			isa = PBXGroup;
			children = (
				DC4AD1181ECEF4E700A722EE /* GuruCrafterHomeWork */,
				DC4AD1171ECEF4E700A722EE /* Products */,
			);
			sourceTree = "<group>";
		};
		DC4AD1171ECEF4E700A722EE /* Products */ = {
			isa = PBXGroup;
			children = (
				DC4AD1161ECEF4E700A722EE /* GuruCrafterHomeWork.app */,
			);
			name = Products;
			sourceTree = "<group>";
		};
		DC4AD1181ECEF4E700A722EE /* GuruCrafterHomeWork */ = {
			isa = PBXGroup;
			children = (
				DC4AD14E1ED1DE9200A722EE /* Course */,
				DC4AD14D1ED1DE8000A722EE /* Student */,
				DC4AD11C1ECEF4E700A722EE /* AppDelegate.h */,
				DC4AD11D1ECEF4E700A722EE /* AppDelegate.m */,
				DC4AD1331ECEF60500A722EE /* DataManager.h */,
				DC4AD1341ECEF60500A722EE /* DataManager.m */,
				DC4AD1441ECF35A700A722EE /* MainTableViewController.h */,
				DC4AD1451ECF35A700A722EE /* MainTableViewController.m */,
				DC4AD1391ECF1AD600A722EE /* Main.storyboard */,
				DC4AD1281ECEF4E700A722EE /* Assets.xcassets */,
				DC4AD12A1ECEF4E700A722EE /* LaunchScreen.storyboard */,
				DC4AD12D1ECEF4E700A722EE /* Info.plist */,
				DC4AD1251ECEF4E700A722EE /* GuruCrafterHomeWork.xcdatamodeld */,
				DC4AD1191ECEF4E700A722EE /* Supporting Files */,
			);
			path = GuruCrafterHomeWork;
			sourceTree = "<group>";
		};
		DC4AD1191ECEF4E700A722EE /* Supporting Files */ = {
			isa = PBXGroup;
			children = (
				DC4AD11A1ECEF4E700A722EE /* main.m */,
			);
			name = "Supporting Files";
			sourceTree = "<group>";
		};
		DC4AD14D1ED1DE8000A722EE /* Student */ = {
			isa = PBXGroup;
			children = (
				DC4AD1561ED22B2F00A722EE /* Cell */,
				DC4AD1361ECF05D800A722EE /* StudentsViewController.h */,
				DC4AD1371ECF05D800A722EE /* StudentsViewController.m */,
				DC4AD13B1ECF1C7F00A722EE /* AddStudentViewController.h */,
				DC4AD13C1ECF1C7F00A722EE /* AddStudentViewController.m */,
				DC4AD14A1ED03F8600A722EE /* PickCourseViewController.h */,
				DC4AD14B1ED03F8600A722EE /* PickCourseViewController.m */,
			);
			name = Student;
			sourceTree = "<group>";
		};
		DC4AD14E1ED1DE9200A722EE /* Course */ = {
			isa = PBXGroup;
			children = (
				DC4AD14F1ED1F07400A722EE /* Cell */,
				DC4AD13E1ECF330600A722EE /* CoursesViewController.h */,
				DC4AD13F1ECF330600A722EE /* CoursesViewController.m */,
				DC4AD1411ECF331800A722EE /* AddCourseViewController.h */,
				DC4AD1421ECF331800A722EE /* AddCourseViewController.m */,
				DC4AD1501ED1F0D200A722EE /* PickStudentViewController.h */,
				DC4AD1511ED1F0D200A722EE /* PickStudentViewController.m */,
			);
			name = Course;
			sourceTree = "<group>";
		};
		DC4AD14F1ED1F07400A722EE /* Cell */ = {
			isa = PBXGroup;
			children = (
				DC4AD1471ECF3B7300A722EE /* AddCourseViewCell.h */,
				DC4AD1481ECF3B7300A722EE /* AddCourseViewCell.m */,
			);
			name = Cell;
			sourceTree = "<group>";
		};
		DC4AD1561ED22B2F00A722EE /* Cell */ = {
			isa = PBXGroup;
			children = (
				DC4AD1531ED22B1D00A722EE /* AddStudentViewCell.h */,
				DC4AD1541ED22B1D00A722EE /* AddStudentViewCell.m */,
			);
			name = Cell;
			sourceTree = "<group>";
		};
/* End PBXGroup section */

/* Begin PBXNativeTarget section */
		DC4AD1151ECEF4E700A722EE /* GuruCrafterHomeWork */ = {
			isa = PBXNativeTarget;
			buildConfigurationList = DC4AD1301ECEF4E700A722EE /* Build configuration list for PBXNativeTarget "GuruCrafterHomeWork" */;
			buildPhases = (
				DC4AD1121ECEF4E700A722EE /* Sources */,
				DC4AD1131ECEF4E700A722EE /* Frameworks */,
				DC4AD1141ECEF4E700A722EE /* Resources */,
			);
			buildRules = (
			);
			dependencies = (
			);
			name = GuruCrafterHomeWork;
			productName = GuruCrafterHomeWork;
			productReference = DC4AD1161ECEF4E700A722EE /* GuruCrafterHomeWork.app */;
			productType = "com.apple.product-type.application";
		};
/* End PBXNativeTarget section */

/* Begin PBXProject section */
		DC4AD10E1ECEF4E700A722EE /* Project object */ = {
			isa = PBXProject;
			attributes = {
				LastUpgradeCheck = 0810;
				ORGANIZATIONNAME = Syngmaster;
				TargetAttributes = {
					DC4AD1151ECEF4E700A722EE = {
						CreatedOnToolsVersion = 8.1;
						DevelopmentTeam = 4PMQKT6K8N;
						ProvisioningStyle = Automatic;
					};
				};
			};
			buildConfigurationList = DC4AD1111ECEF4E700A722EE /* Build configuration list for PBXProject "GuruCrafterHomeWork" */;
			compatibilityVersion = "Xcode 3.2";
			developmentRegion = English;
			hasScannedForEncodings = 0;
			knownRegions = (
				en,
				Base,
			);
			mainGroup = DC4AD10D1ECEF4E700A722EE;
			productRefGroup = DC4AD1171ECEF4E700A722EE /* Products */;
			projectDirPath = "";
			projectRoot = "";
			targets = (
				DC4AD1151ECEF4E700A722EE /* GuruCrafterHomeWork */,
			);
		};
/* End PBXProject section */

/* Begin PBXResourcesBuildPhase section */
		DC4AD1141ECEF4E700A722EE /* Resources */ = {
			isa = PBXResourcesBuildPhase;
			buildActionMask = 2147483647;
			files = (
				DC4AD12C1ECEF4E700A722EE /* LaunchScreen.storyboard in Resources */,
				DC4AD1291ECEF4E700A722EE /* Assets.xcassets in Resources */,
				DC4AD13A1ECF1AD600A722EE /* Main.storyboard in Resources */,
			);
			runOnlyForDeploymentPostprocessing = 0;
		};
/* End PBXResourcesBuildPhase section */

/* Begin PBXSourcesBuildPhase section */
		DC4AD1121ECEF4E700A722EE /* Sources */ = {
			isa = PBXSourcesBuildPhase;
			buildActionMask = 2147483647;
			files = (
				DC4AD13D1ECF1C7F00A722EE /* AddStudentViewController.m in Sources */,
				DC4AD1401ECF330600A722EE /* CoursesViewController.m in Sources */,
				DC4AD1271ECEF4E700A722EE /* GuruCrafterHomeWork.xcdatamodeld in Sources */,
				DC4AD1491ECF3B7300A722EE /* AddCourseViewCell.m in Sources */,
				DC4AD1351ECEF60500A722EE /* DataManager.m in Sources */,
				DC4AD11E1ECEF4E700A722EE /* AppDelegate.m in Sources */,
				DC4AD1431ECF331800A722EE /* AddCourseViewController.m in Sources */,
				DC4AD1381ECF05D800A722EE /* StudentsViewController.m in Sources */,
				DC4AD11B1ECEF4E700A722EE /* main.m in Sources */,
				DC4AD14C1ED03F8600A722EE /* PickCourseViewController.m in Sources */,
				DC4AD1461ECF35A700A722EE /* MainTableViewController.m in Sources */,
				DC4AD1521ED1F0D200A722EE /* PickStudentViewController.m in Sources */,
				DC4AD1551ED22B1D00A722EE /* AddStudentViewCell.m in Sources */,
			);
			runOnlyForDeploymentPostprocessing = 0;
		};
/* End PBXSourcesBuildPhase section */

/* Begin PBXVariantGroup section */
		DC4AD12A1ECEF4E700A722EE /* LaunchScreen.storyboard */ = {
			isa = PBXVariantGroup;
			children = (
				DC4AD12B1ECEF4E700A722EE /* Base */,
			);
			name = LaunchScreen.storyboard;
			sourceTree = "<group>";
		};
/* End PBXVariantGroup section */

/* Begin XCBuildConfiguration section */
		DC4AD12E1ECEF4E700A722EE /* Debug */ = {
			isa = XCBuildConfiguration;
			buildSettings = {
				ALWAYS_SEARCH_USER_PATHS = NO;
				CLANG_ANALYZER_NONNULL = YES;
				CLANG_CXX_LANGUAGE_STANDARD = "gnu++0x";
				CLANG_CXX_LIBRARY = "libc++";
				CLANG_ENABLE_MODULES = YES;
				CLANG_ENABLE_OBJC_ARC = YES;
				CLANG_WARN_BOOL_CONVERSION = YES;
				CLANG_WARN_CONSTANT_CONVERSION = YES;
				CLANG_WARN_DIRECT_OBJC_ISA_USAGE = YES_ERROR;
				CLANG_WARN_DOCUMENTATION_COMMENTS = YES;
				CLANG_WARN_EMPTY_BODY = YES;
				CLANG_WARN_ENUM_CONVERSION = YES;
				CLANG_WARN_INFINITE_RECURSION = YES;
				CLANG_WARN_INT_CONVERSION = YES;
				CLANG_WARN_OBJC_ROOT_CLASS = YES_ERROR;
				CLANG_WARN_SUSPICIOUS_MOVES = YES;
				CLANG_WARN_UNREACHABLE_CODE = YES;
				CLANG_WARN__DUPLICATE_METHOD_MATCH = YES;
				"CODE_SIGN_IDENTITY[sdk=iphoneos*]" = "iPhone Developer";
				COPY_PHASE_STRIP = NO;
				DEBUG_INFORMATION_FORMAT = dwarf;
				ENABLE_STRICT_OBJC_MSGSEND = YES;
				ENABLE_TESTABILITY = YES;
				GCC_C_LANGUAGE_STANDARD = gnu99;
				GCC_DYNAMIC_NO_PIC = NO;
				GCC_NO_COMMON_BLOCKS = YES;
				GCC_OPTIMIZATION_LEVEL = 0;
				GCC_PREPROCESSOR_DEFINITIONS = (
					"DEBUG=1",
					"$(inherited)",
				);
				GCC_WARN_64_TO_32_BIT_CONVERSION = YES;
				GCC_WARN_ABOUT_RETURN_TYPE = YES_ERROR;
				GCC_WARN_UNDECLARED_SELECTOR = YES;
				GCC_WARN_UNINITIALIZED_AUTOS = YES_AGGRESSIVE;
				GCC_WARN_UNUSED_FUNCTION = YES;
				GCC_WARN_UNUSED_VARIABLE = YES;
				IPHONEOS_DEPLOYMENT_TARGET = 10.1;
				MTL_ENABLE_DEBUG_INFO = YES;
				ONLY_ACTIVE_ARCH = YES;
				SDKROOT = iphoneos;
				TARGETED_DEVICE_FAMILY = "1,2";
			};
			name = Debug;
		};
		DC4AD12F1ECEF4E700A722EE /* Release */ = {
			isa = XCBuildConfiguration;
			buildSettings = {
				ALWAYS_SEARCH_USER_PATHS = NO;
				CLANG_ANALYZER_NONNULL = YES;
				CLANG_CXX_LANGUAGE_STANDARD = "gnu++0x";
				CLANG_CXX_LIBRARY = "libc++";
				CLANG_ENABLE_MODULES = YES;
				CLANG_ENABLE_OBJC_ARC = YES;
				CLANG_WARN_BOOL_CONVERSION = YES;
				CLANG_WARN_CONSTANT_CONVERSION = YES;
				CLANG_WARN_DIRECT_OBJC_ISA_USAGE = YES_ERROR;
				CLANG_WARN_DOCUMENTATION_COMMENTS = YES;
				CLANG_WARN_EMPTY_BODY = YES;
				CLANG_WARN_ENUM_CONVERSION = YES;
				CLANG_WARN_INFINITE_RECURSION = YES;
				CLANG_WARN_INT_CONVERSION = YES;
				CLANG_WARN_OBJC_ROOT_CLASS = YES_ERROR;
				CLANG_WARN_SUSPICIOUS_MOVES = YES;
				CLANG_WARN_UNREACHABLE_CODE = YES;
				CLANG_WARN__DUPLICATE_METHOD_MATCH = YES;
				"CODE_SIGN_IDENTITY[sdk=iphoneos*]" = "iPhone Developer";
				COPY_PHASE_STRIP = NO;
				DEBUG_INFORMATION_FORMAT = "dwarf-with-dsym";
				ENABLE_NS_ASSERTIONS = NO;
				ENABLE_STRICT_OBJC_MSGSEND = YES;
				GCC_C_LANGUAGE_STANDARD = gnu99;
				GCC_NO_COMMON_BLOCKS = YES;
				GCC_WARN_64_TO_32_BIT_CONVERSION = YES;
				GCC_WARN_ABOUT_RETURN_TYPE = YES_ERROR;
				GCC_WARN_UNDECLARED_SELECTOR = YES;
				GCC_WARN_UNINITIALIZED_AUTOS = YES_AGGRESSIVE;
				GCC_WARN_UNUSED_FUNCTION = YES;
				GCC_WARN_UNUSED_VARIABLE = YES;
				IPHONEOS_DEPLOYMENT_TARGET = 10.1;
				MTL_ENABLE_DEBUG_INFO = NO;
				SDKROOT = iphoneos;
				TARGETED_DEVICE_FAMILY = "1,2";
				VALIDATE_PRODUCT = YES;
			};
			name = Release;
		};
		DC4AD1311ECEF4E700A722EE /* Debug */ = {
			isa = XCBuildConfiguration;
			buildSettings = {
				ASSETCATALOG_COMPILER_APPICON_NAME = AppIcon;
				DEVELOPMENT_TEAM = 4PMQKT6K8N;
				INFOPLIST_FILE = GuruCrafterHomeWork/Info.plist;
				LD_RUNPATH_SEARCH_PATHS = "$(inherited) @executable_path/Frameworks";
				PRODUCT_BUNDLE_IDENTIFIER = ios.GuruCrafterHomeWork;
				PRODUCT_NAME = "$(TARGET_NAME)";
			};
			name = Debug;
		};
		DC4AD1321ECEF4E700A722EE /* Release */ = {
			isa = XCBuildConfiguration;
			buildSettings = {
				ASSETCATALOG_COMPILER_APPICON_NAME = AppIcon;
				DEVELOPMENT_TEAM = 4PMQKT6K8N;
				INFOPLIST_FILE = GuruCrafterHomeWork/Info.plist;
				LD_RUNPATH_SEARCH_PATHS = "$(inherited) @executable_path/Frameworks";
				PRODUCT_BUNDLE_IDENTIFIER = ios.GuruCrafterHomeWork;
				PRODUCT_NAME = "$(TARGET_NAME)";
			};
			name = Release;
		};
/* End XCBuildConfiguration section */

/* Begin XCConfigurationList section */
		DC4AD1111ECEF4E700A722EE /* Build configuration list for PBXProject "GuruCrafterHomeWork" */ = {
			isa = XCConfigurationList;
			buildConfigurations = (
				DC4AD12E1ECEF4E700A722EE /* Debug */,
				DC4AD12F1ECEF4E700A722EE /* Release */,
			);
			defaultConfigurationIsVisible = 0;
			defaultConfigurationName = Release;
		};
		DC4AD1301ECEF4E700A722EE /* Build configuration list for PBXNativeTarget "GuruCrafterHomeWork" */ = {
			isa = XCConfigurationList;
			buildConfigurations = (
				DC4AD1311ECEF4E700A722EE /* Debug */,
				DC4AD1321ECEF4E700A722EE /* Release */,
			);
			defaultConfigurationIsVisible = 0;
			defaultConfigurationName = Release;
		};
/* End XCConfigurationList section */

/* Begin XCVersionGroup section */
		DC4AD1251ECEF4E700A722EE /* GuruCrafterHomeWork.xcdatamodeld */ = {
			isa = XCVersionGroup;
			children = (
				DC4AD1261ECEF4E700A722EE /* GuruCrafterHomeWork.xcdatamodel */,
			);
			currentVersion = DC4AD1261ECEF4E700A722EE /* GuruCrafterHomeWork.xcdatamodel */;
			path = GuruCrafterHomeWork.xcdatamodeld;
			sourceTree = "<group>";
			versionGroupType = wrapper.xcdatamodel;
		};
/* End XCVersionGroup section */
	};
	rootObject = DC4AD10E1ECEF4E700A722EE /* Project object */;
}
